
Microsoft Visual Studio Solution File, Format Version 12.00
# Visual Studio 2012
Project("{FAE04EC0-301F-11D3-BF4B-00C04F79EFBC}") = "MyWeb", "MyWeb\MyWeb.csproj", "{9732EC75-9018-4239-9212-B26D94829494}"
EndProject
Project("{FAE04EC0-301F-11D3-BF4B-00C04F79EFBC}") = "MyWeb.Common", "MyWeb.Common\MyWeb.Common.csproj", "{C3F3970A-90D5-4F72-8BB1-4F8FADAE2576}"
EndProject
Project("{FAE04EC0-301F-11D3-BF4B-00C04F79EFBC}") = "MyWeb.Data", "MyWeb.Data\MyWeb.Data.csproj", "{34B461DE-9FED-4F62-A196-298E1AC4492E}"
EndProject
Project("{FAE04EC0-301F-11D3-BF4B-00C04F79EFBC}") = "MyWeb.Business", "MyWeb.Business\MyWeb.Business.csproj", "{1EEA4059-D3B1-4F1C-9CD9-67BD18DE4215}"
EndProject
Global
	GlobalSection(SolutionConfigurationPlatforms) = preSolution
		Debug|Any CPU = Debug|Any CPU
		Release|Any CPU = Release|Any CPU
	EndGlobalSection
	GlobalSection(ProjectConfigurationPlatforms) = postSolution
		{9732EC75-9018-4239-9212-B26D94829494}.Debug|Any CPU.ActiveCfg = Debug|Any CPU
		{9732EC75-9018-4239-9212-B26D94829494}.Debug|Any CPU.Build.0 = Debug|Any CPU
		{9732EC75-9018-4239-9212-B26D94829494}.Release|Any CPU.ActiveCfg = Release|Any CPU
		{9732EC75-9018-4239-9212-B26D94829494}.Release|Any CPU.Build.0 = Release|Any CPU
		{C3F3970A-90D5-4F72-8BB1-4F8FADAE2576}.Debug|Any CPU.ActiveCfg = Debug|Any CPU
		{C3F3970A-90D5-4F72-8BB1-4F8FADAE2576}.Debug|Any CPU.Build.0 = Debug|Any CPU
		{C3F3970A-90D5-4F72-8BB1-4F8FADAE2576}.Release|Any CPU.ActiveCfg = Release|Any CPU
		{C3F3970A-90D5-4F72-8BB1-4F8FADAE2576}.Release|Any CPU.Build.0 = Release|Any CPU
		{34B461DE-9FED-4F62-A196-298E1AC4492E}.Debug|Any CPU.ActiveCfg = Debug|Any CPU
		{34B461DE-9FED-4F62-A196-298E1AC4492E}.Debug|Any CPU.Build.0 = Debug|Any CPU
		{34B461DE-9FED-4F62-A196-298E1AC4492E}.Release|Any CPU.ActiveCfg = Release|Any CPU
		{34B461DE-9FED-4F62-A196-298E1AC4492E}.Release|Any CPU.Build.0 = Release|Any CPU
		{1EEA4059-D3B1-4F1C-9CD9-67BD18DE4215}.Debug|Any CPU.ActiveCfg = Debug|Any CPU
		{1EEA4059-D3B1-4F1C-9CD9-67BD18DE4215}.Debug|Any CPU.Build.0 = Debug|Any CPU
		{1EEA4059-D3B1-4F1C-9CD9-67BD18DE4215}.Release|Any CPU.ActiveCfg = Release|Any CPU
		{1EEA4059-D3B1-4F1C-9CD9-67BD18DE4215}.Release|Any CPU.Build.0 = Release|Any CPU
	EndGlobalSection
	GlobalSection(SolutionProperties) = preSolution
		HideSolutionNode = FALSE
	EndGlobalSection
EndGlobal
